
Microsoft Visual Studio Solution File, Format Version 12.00
# Visual Studio 2013
VisualStudioVersion = 12.0.40629.0
MinimumVisualStudioVersion = 10.0.40219.1
Project("{FAE04EC0-301F-11D3-BF4B-00C04F79EFBC}") = "TaskPlayer2", "TaskPlayer2\TaskPlayer2.csproj", "{DEE7E5C3-3B80-4AA2-878E-E91B42E00476}"
EndProject
Project("{FAE04EC0-301F-11D3-BF4B-00C04F79EFBC}") = "TaskPlayer2.Essentials.Domain", "TaskPlayer2.Essentials.Domain\TaskPlayer2.Essentials.Domain.csproj", "{66E7A35A-B35B-4A84-B334-66DFF35C8798}"
EndProject
Project("{FAE04EC0-301F-11D3-BF4B-00C04F79EFBC}") = "ObjectListView2010", "ObjectListView\ObjectListView2010.csproj", "{18FEDA0C-D147-4286-B39A-01204808106A}"
EndProject
Global
	GlobalSection(SolutionConfigurationPlatforms) = preSolution
		Debug|Any CPU = Debug|Any CPU
		Release|Any CPU = Release|Any CPU
	EndGlobalSection
	GlobalSection(ProjectConfigurationPlatforms) = postSolution
		{DEE7E5C3-3B80-4AA2-878E-E91B42E00476}.Debug|Any CPU.ActiveCfg = Debug|Any CPU
		{DEE7E5C3-3B80-4AA2-878E-E91B42E00476}.Debug|Any CPU.Build.0 = Debug|Any CPU
		{DEE7E5C3-3B80-4AA2-878E-E91B42E00476}.Release|Any CPU.ActiveCfg = Release|Any CPU
		{DEE7E5C3-3B80-4AA2-878E-E91B42E00476}.Release|Any CPU.Build.0 = Release|Any CPU
		{66E7A35A-B35B-4A84-B334-66DFF35C8798}.Debug|Any CPU.ActiveCfg = Debug|Any CPU
		{66E7A35A-B35B-4A84-B334-66DFF35C8798}.Debug|Any CPU.Build.0 = Debug|Any CPU
		{66E7A35A-B35B-4A84-B334-66DFF35C8798}.Release|Any CPU.ActiveCfg = Release|Any CPU
		{66E7A35A-B35B-4A84-B334-66DFF35C8798}.Release|Any CPU.Build.0 = Release|Any CPU
		{18FEDA0C-D147-4286-B39A-01204808106A}.Debug|Any CPU.ActiveCfg = Debug|Any CPU
		{18FEDA0C-D147-4286-B39A-01204808106A}.Debug|Any CPU.Build.0 = Debug|Any CPU
		{18FEDA0C-D147-4286-B39A-01204808106A}.Release|Any CPU.ActiveCfg = Release|Any CPU
		{18FEDA0C-D147-4286-B39A-01204808106A}.Release|Any CPU.Build.0 = Release|Any CPU
	EndGlobalSection
	GlobalSection(SolutionProperties) = preSolution
		HideSolutionNode = FALSE
	EndGlobalSection
EndGlobal
